github.com/BurntSushi/xgb v0.0.0-20210121224620-deaf085860bc h1:7D+Bh06CRPCJO3gr2F7h1sriovOZ8BMhca2Rg85c2nk=
github.com/BurntSushi/xgb v0.0.0-20210121224620-deaf085860bc/go.mod h1:IVnqGOEym/WlBOVXweHU+Q+/VP0lqqI8lqeDx9IjBqo=
github.com/golang-ds/linkedlist v1.0.0 h1:MrbDfIhQ9SL1my/siW/2va52kKO3IRCFdOa9EfzFFjM=
github.com/golang-ds/linkedlist v1.0.0/go.mod h1:oRpzIKkdhV7lom4F8dgjDgq+1LGWs37Lge55MwXwNi8=
